
Microsoft Visual Studio Solution File, Format Version 9.00
# Visual Studio 2005
Project("{8BC9CEB8-8B4A-11D0-8D11-00A0C91BC942}") = "Engine", "Engine\Engine.vcproj", "{570957B5-F806-4BBD-84AF-88F941BD7C02}"
EndProject
Project("{8BC9CEB8-8B4A-11D0-8D11-00A0C91BC942}") = "EngineGUI", "EngineGUI\EngineGUI.vcproj", "{66BF4696-8D5B-4933-803E-AA4077224158}"
EndProject
Project("{8BC9CEB8-8B4A-11D0-8D11-00A0C91BC942}") = "Ecc", "Ecc\Ecc.vcproj", "{09C2AAE2-D168-4D7C-BCBE-696CA721FBCC}"
EndProject
Project("{8BC9CEB8-8B4A-11D0-8D11-00A0C91BC942}") = "EntitiesMP", "EntitiesMP\EntitiesMP.vcproj", "{9F9B7DA8-BF60-4DA3-8F96-6E62A265AFBC}"
EndProject
Project("{8BC9CEB8-8B4A-11D0-8D11-00A0C91BC942}") = "GameGUIMP", "GameGUIMP\GameGUIMP.vcproj", "{D32650A1-1C50-4219-AAB9-06099B52D16B}"
EndProject
Project("{8BC9CEB8-8B4A-11D0-8D11-00A0C91BC942}") = "GameMP", "GameMP\GameMP.vcproj", "{A2DE1EFA-8692-48CF-8E5B-1717EDD77DE9}"
EndProject
Project("{8BC9CEB8-8B4A-11D0-8D11-00A0C91BC942}") = "DecodeReport", "DecodeReport\DecodeReport.vcproj", "{63E44B25-E4C0-458D-BA46-4FCAD5BC8C2A}"
EndProject
Project("{8BC9CEB8-8B4A-11D0-8D11-00A0C91BC942}") = "DedicatedServer", "DedicatedServer\DedicatedServer.vcproj", "{57ED976D-8DA5-43EB-BBB4-262A359CFB7A}"
EndProject
Project("{8BC9CEB8-8B4A-11D0-8D11-00A0C91BC942}") = "Depend", "Depend\Depend.vcproj", "{4AD93CEA-00AC-40D6-8B5E-C4A56ABF068E}"
EndProject
Project("{8BC9CEB8-8B4A-11D0-8D11-00A0C91BC942}") = "libogg", "libogg\libogg.vcproj", "{6856FA9D-DF00-4CBC-B9F4-979D30AB4A7F}"
EndProject
Project("{8BC9CEB8-8B4A-11D0-8D11-00A0C91BC942}") = "libvorbis", "libvorbis\libvorbis.vcproj", "{EB382290-DC12-40EE-AA62-1234413F25BC}"
EndProject
Project("{8BC9CEB8-8B4A-11D0-8D11-00A0C91BC942}") = "libvorbisfile", "libvorbis\libvorbisfile.vcproj", "{4A5BB6FF-6C54-4538-82E2-71ABE9A81860}"
EndProject
Project("{8BC9CEB8-8B4A-11D0-8D11-00A0C91BC942}") = "LWSkaExporter", "LWSkaExporter\LWSkaExporter.vcproj", "{11CA773C-ADC4-42BB-A662-E5781E79F7AA}"
EndProject
Project("{8BC9CEB8-8B4A-11D0-8D11-00A0C91BC942}") = "MakeFONT", "MakeFONT\MakeFONT.vcproj", "{FF198916-469D-4639-9CDC-8AA350C45C88}"
EndProject
Project("{8BC9CEB8-8B4A-11D0-8D11-00A0C91BC942}") = "Modeler", "Modeler\Modeler.vcproj", "{AB057925-D25D-4BAD-8D31-8A564024AE21}"
EndProject
Global
	GlobalSection(SolutionConfigurationPlatforms) = preSolution
		Debug|Win32 = Debug|Win32
		Release|Win32 = Release|Win32
	EndGlobalSection
	GlobalSection(ProjectConfigurationPlatforms) = postSolution
		{570957B5-F806-4BBD-84AF-88F941BD7C02}.Debug|Win32.ActiveCfg = Debug|Win32
		{570957B5-F806-4BBD-84AF-88F941BD7C02}.Debug|Win32.Build.0 = Debug|Win32
		{570957B5-F806-4BBD-84AF-88F941BD7C02}.Release|Win32.ActiveCfg = Release|Win32
		{570957B5-F806-4BBD-84AF-88F941BD7C02}.Release|Win32.Build.0 = Release|Win32
		{66BF4696-8D5B-4933-803E-AA4077224158}.Debug|Win32.ActiveCfg = Debug|Win32
		{66BF4696-8D5B-4933-803E-AA4077224158}.Debug|Win32.Build.0 = Debug|Win32
		{66BF4696-8D5B-4933-803E-AA4077224158}.Release|Win32.ActiveCfg = Release|Win32
		{66BF4696-8D5B-4933-803E-AA4077224158}.Release|Win32.Build.0 = Release|Win32
		{09C2AAE2-D168-4D7C-BCBE-696CA721FBCC}.Debug|Win32.ActiveCfg = Debug|Win32
		{09C2AAE2-D168-4D7C-BCBE-696CA721FBCC}.Debug|Win32.Build.0 = Debug|Win32
		{09C2AAE2-D168-4D7C-BCBE-696CA721FBCC}.Release|Win32.ActiveCfg = Release|Win32
		{09C2AAE2-D168-4D7C-BCBE-696CA721FBCC}.Release|Win32.Build.0 = Release|Win32
		{9F9B7DA8-BF60-4DA3-8F96-6E62A265AFBC}.Debug|Win32.ActiveCfg = Debug|Win32
		{9F9B7DA8-BF60-4DA3-8F96-6E62A265AFBC}.Debug|Win32.Build.0 = Debug|Win32
		{9F9B7DA8-BF60-4DA3-8F96-6E62A265AFBC}.Release|Win32.ActiveCfg = Release|Win32
		{9F9B7DA8-BF60-4DA3-8F96-6E62A265AFBC}.Release|Win32.Build.0 = Release|Win32
		{D32650A1-1C50-4219-AAB9-06099B52D16B}.Debug|Win32.ActiveCfg = Debug|Win32
		{D32650A1-1C50-4219-AAB9-06099B52D16B}.Debug|Win32.Build.0 = Debug|Win32
		{D32650A1-1C50-4219-AAB9-06099B52D16B}.Release|Win32.ActiveCfg = Release|Win32
		{D32650A1-1C50-4219-AAB9-06099B52D16B}.Release|Win32.Build.0 = Release|Win32
		{A2DE1EFA-8692-48CF-8E5B-1717EDD77DE9}.Debug|Win32.ActiveCfg = Debug|Win32
		{A2DE1EFA-8692-48CF-8E5B-1717EDD77DE9}.Debug|Win32.Build.0 = Debug|Win32
		{A2DE1EFA-8692-48CF-8E5B-1717EDD77DE9}.Release|Win32.ActiveCfg = Release|Win32
		{A2DE1EFA-8692-48CF-8E5B-1717EDD77DE9}.Release|Win32.Build.0 = Release|Win32
		{63E44B25-E4C0-458D-BA46-4FCAD5BC8C2A}.Debug|Win32.ActiveCfg = Debug|Win32
		{63E44B25-E4C0-458D-BA46-4FCAD5BC8C2A}.Debug|Win32.Build.0 = Debug|Win32
		{63E44B25-E4C0-458D-BA46-4FCAD5BC8C2A}.Release|Win32.ActiveCfg = Release|Win32
		{63E44B25-E4C0-458D-BA46-4FCAD5BC8C2A}.Release|Win32.Build.0 = Release|Win32
		{57ED976D-8DA5-43EB-BBB4-262A359CFB7A}.Debug|Win32.ActiveCfg = Debug|Win32
		{57ED976D-8DA5-43EB-BBB4-262A359CFB7A}.Debug|Win32.Build.0 = Debug|Win32
		{57ED976D-8DA5-43EB-BBB4-262A359CFB7A}.Release|Win32.ActiveCfg = Release|Win32
		{57ED976D-8DA5-43EB-BBB4-262A359CFB7A}.Release|Win32.Build.0 = Release|Win32
		{4AD93CEA-00AC-40D6-8B5E-C4A56ABF068E}.Debug|Win32.ActiveCfg = Debug|Win32
		{4AD93CEA-00AC-40D6-8B5E-C4A56ABF068E}.Debug|Win32.Build.0 = Debug|Win32
		{4AD93CEA-00AC-40D6-8B5E-C4A56ABF068E}.Release|Win32.ActiveCfg = Release|Win32
		{4AD93CEA-00AC-40D6-8B5E-C4A56ABF068E}.Release|Win32.Build.0 = Release|Win32
		{6856FA9D-DF00-4CBC-B9F4-979D30AB4A7F}.Debug|Win32.ActiveCfg = Debug|Win32
		{6856FA9D-DF00-4CBC-B9F4-979D30AB4A7F}.Debug|Win32.Build.0 = Debug|Win32
		{6856FA9D-DF00-4CBC-B9F4-979D30AB4A7F}.Release|Win32.ActiveCfg = Release|Win32
		{6856FA9D-DF00-4CBC-B9F4-979D30AB4A7F}.Release|Win32.Build.0 = Release|Win32
		{EB382290-DC12-40EE-AA62-1234413F25BC}.Debug|Win32.ActiveCfg = Debug|Win32
		{EB382290-DC12-40EE-AA62-1234413F25BC}.Debug|Win32.Build.0 = Debug|Win32
		{EB382290-DC12-40EE-AA62-1234413F25BC}.Release|Win32.ActiveCfg = Release|Win32
		{EB382290-DC12-40EE-AA62-1234413F25BC}.Release|Win32.Build.0 = Release|Win32
		{4A5BB6FF-6C54-4538-82E2-71ABE9A81860}.Debug|Win32.ActiveCfg = Debug|Win32
		{4A5BB6FF-6C54-4538-82E2-71ABE9A81860}.Debug|Win32.Build.0 = Debug|Win32
		{4A5BB6FF-6C54-4538-82E2-71ABE9A81860}.Release|Win32.ActiveCfg = Release|Win32
		{4A5BB6FF-6C54-4538-82E2-71ABE9A81860}.Release|Win32.Build.0 = Release|Win32
		{11CA773C-ADC4-42BB-A662-E5781E79F7AA}.Debug|Win32.ActiveCfg = Debug|Win32
		{11CA773C-ADC4-42BB-A662-E5781E79F7AA}.Debug|Win32.Build.0 = Debug|Win32
		{11CA773C-ADC4-42BB-A662-E5781E79F7AA}.Release|Win32.ActiveCfg = Release|Win32
		{11CA773C-ADC4-42BB-A662-E5781E79F7AA}.Release|Win32.Build.0 = Release|Win32
		{FF198916-469D-4639-9CDC-8AA350C45C88}.Debug|Win32.ActiveCfg = Debug|Win32
		{FF198916-469D-4639-9CDC-8AA350C45C88}.Debug|Win32.Build.0 = Debug|Win32
		{FF198916-469D-4639-9CDC-8AA350C45C88}.Release|Win32.ActiveCfg = Release|Win32
		{FF198916-469D-4639-9CDC-8AA350C45C88}.Release|Win32.Build.0 = Release|Win32
		{AB057925-D25D-4BAD-8D31-8A564024AE21}.Debug|Win32.ActiveCfg = Debug|Win32
		{AB057925-D25D-4BAD-8D31-8A564024AE21}.Release|Win32.ActiveCfg = Release|Win32
		{AB057925-D25D-4BAD-8D31-8A564024AE21}.Release|Win32.Build.0 = Release|Win32
	EndGlobalSection
	GlobalSection(SolutionProperties) = preSolution
		HideSolutionNode = FALSE
	EndGlobalSection
EndGlobal
