
Microsoft Visual Studio Solution File, Format Version 9.00
# Visual Studio 2005
Project("{8BC9CEB8-8B4A-11D0-8D11-00A0C91BC942}") = "Engine", "Engine\Engine.vcproj", "{570957B5-F806-4BBD-84AF-88F941BD7C02}"
EndProject
Project("{8BC9CEB8-8B4A-11D0-8D11-00A0C91BC942}") = "EngineGUI", "EngineGUI\EngineGUI.vcproj", "{66BF4696-8D5B-4933-803E-AA4077224158}"
EndProject
Project("{8BC9CEB8-8B4A-11D0-8D11-00A0C91BC942}") = "Ecc", "Ecc\Ecc.vcproj", "{09C2AAE2-D168-4D7C-BCBE-696CA721FBCC}"
EndProject
Project("{8BC9CEB8-8B4A-11D0-8D11-00A0C91BC942}") = "EntitiesMP", "EntitiesMP\EntitiesMP.vcproj", "{9F9B7DA8-BF60-4DA3-8F96-6E62A265AFBC}"
EndProject
Project("{8BC9CEB8-8B4A-11D0-8D11-00A0C91BC942}") = "GameGUIMP", "GameGUIMP\GameGUIMP.vcproj", "{D32650A1-1C50-4219-AAB9-06099B52D16B}"
EndProject
Global
	GlobalSection(SolutionConfigurationPlatforms) = preSolution
		Debug|Win32 = Debug|Win32
		Release|Win32 = Release|Win32
	EndGlobalSection
	GlobalSection(ProjectConfigurationPlatforms) = postSolution
		{570957B5-F806-4BBD-84AF-88F941BD7C02}.Debug|Win32.ActiveCfg = Debug|Win32
		{570957B5-F806-4BBD-84AF-88F941BD7C02}.Debug|Win32.Build.0 = Debug|Win32
		{570957B5-F806-4BBD-84AF-88F941BD7C02}.Release|Win32.ActiveCfg = Release|Win32
		{570957B5-F806-4BBD-84AF-88F941BD7C02}.Release|Win32.Build.0 = Release|Win32
		{66BF4696-8D5B-4933-803E-AA4077224158}.Debug|Win32.ActiveCfg = Debug|Win32
		{66BF4696-8D5B-4933-803E-AA4077224158}.Debug|Win32.Build.0 = Debug|Win32
		{66BF4696-8D5B-4933-803E-AA4077224158}.Release|Win32.ActiveCfg = Release|Win32
		{66BF4696-8D5B-4933-803E-AA4077224158}.Release|Win32.Build.0 = Release|Win32
		{09C2AAE2-D168-4D7C-BCBE-696CA721FBCC}.Debug|Win32.ActiveCfg = Debug|Win32
		{09C2AAE2-D168-4D7C-BCBE-696CA721FBCC}.Debug|Win32.Build.0 = Debug|Win32
		{09C2AAE2-D168-4D7C-BCBE-696CA721FBCC}.Release|Win32.ActiveCfg = Release|Win32
		{09C2AAE2-D168-4D7C-BCBE-696CA721FBCC}.Release|Win32.Build.0 = Release|Win32
		{9F9B7DA8-BF60-4DA3-8F96-6E62A265AFBC}.Debug|Win32.ActiveCfg = Debug|Win32
		{9F9B7DA8-BF60-4DA3-8F96-6E62A265AFBC}.Debug|Win32.Build.0 = Debug|Win32
		{9F9B7DA8-BF60-4DA3-8F96-6E62A265AFBC}.Release|Win32.ActiveCfg = Release|Win32
		{9F9B7DA8-BF60-4DA3-8F96-6E62A265AFBC}.Release|Win32.Build.0 = Release|Win32
		{D32650A1-1C50-4219-AAB9-06099B52D16B}.Debug|Win32.ActiveCfg = Debug|Win32
		{D32650A1-1C50-4219-AAB9-06099B52D16B}.Debug|Win32.Build.0 = Debug|Win32
		{D32650A1-1C50-4219-AAB9-06099B52D16B}.Release|Win32.ActiveCfg = Release|Win32
		{D32650A1-1C50-4219-AAB9-06099B52D16B}.Release|Win32.Build.0 = Release|Win32
	EndGlobalSection
	GlobalSection(SolutionProperties) = preSolution
		HideSolutionNode = FALSE
	EndGlobalSection
EndGlobal
